
Microsoft Visual Studio Solution File, Format Version 12.00
# Visual Studio Version 17
VisualStudioVersion = 17.7.34221.43
MinimumVisualStudioVersion = 10.0.40219.1
Project("{FAE04EC0-301F-11D3-BF4B-00C04F79EFBC}") = "WPFApplication", "WPFApplication\WPFApplication.csproj", "{22879039-8335-45A3-AAF2-B4875E4A47FE}"
EndProject
Global
	GlobalSection(SolutionConfigurationPlatforms) = preSolution
		Debug|Any CPU = Debug|Any CPU
		Release|Any CPU = Release|Any CPU
	EndGlobalSection
	GlobalSection(ProjectConfigurationPlatforms) = postSolution
		{22879039-8335-45A3-AAF2-B4875E4A47FE}.Debug|Any CPU.ActiveCfg = Debug|Any CPU
		{22879039-8335-45A3-AAF2-B4875E4A47FE}.Debug|Any CPU.Build.0 = Debug|Any CPU
		{22879039-8335-45A3-AAF2-B4875E4A47FE}.Release|Any CPU.ActiveCfg = Release|Any CPU
		{22879039-8335-45A3-AAF2-B4875E4A47FE}.Release|Any CPU.Build.0 = Release|Any CPU
	EndGlobalSection
	GlobalSection(SolutionProperties) = preSolution
		HideSolutionNode = FALSE
	EndGlobalSection
	GlobalSection(ExtensibilityGlobals) = postSolution
		SolutionGuid = {B338F8B1-06A4-4C06-AD1A-AD47A49DD9E0}
	EndGlobalSection
EndGlobal
